
Microsoft Visual Studio Solution File, Format Version 12.00
# Visual Studio Version 17
VisualStudioVersion = 17.2.32526.322
MinimumVisualStudioVersion = 10.0.40219.1
Project("{FAE04EC0-301F-11D3-BF4B-00C04F79EFBC}") = "Joseph.Estes.Ch3.You.Do.It", "Joseph.Estes.Ch3.You.Do.It\Joseph.Estes.Ch3.You.Do.It.csproj", "{0DCB28BA-16A9-4F07-931E-28301AA81502}"
EndProject
Global
	GlobalSection(SolutionConfigurationPlatforms) = preSolution
		Debug|Any CPU = Debug|Any CPU
		Release|Any CPU = Release|Any CPU
	EndGlobalSection
	GlobalSection(ProjectConfigurationPlatforms) = postSolution
		{0DCB28BA-16A9-4F07-931E-28301AA81502}.Debug|Any CPU.ActiveCfg = Debug|Any CPU
		{0DCB28BA-16A9-4F07-931E-28301AA81502}.Debug|Any CPU.Build.0 = Debug|Any CPU
		{0DCB28BA-16A9-4F07-931E-28301AA81502}.Release|Any CPU.ActiveCfg = Release|Any CPU
		{0DCB28BA-16A9-4F07-931E-28301AA81502}.Release|Any CPU.Build.0 = Release|Any CPU
	EndGlobalSection
	GlobalSection(SolutionProperties) = preSolution
		HideSolutionNode = FALSE
	EndGlobalSection
	GlobalSection(ExtensibilityGlobals) = postSolution
		SolutionGuid = {BA5F0B42-25C2-41D9-A47B-6B3F5D39F5DD}
	EndGlobalSection
EndGlobal
